github.com/bradfitz/slice v0.0.0-20180809154707-2b758aa73013 h1:/P9/RL0xgWE+ehnCUUN5h3RpG3dmoMCOONO1CCvq23Y=
github.com/bradfitz/slice v0.0.0-20180809154707-2b758aa73013/go.mod h1:pccXHIvs3TV/TUqSNyEvF99sxjX2r4FFRIyw6TZY9+w=
github.com/gosimple/slug v1.4.2 h1:jDmprx3q/9Lfk4FkGZtvzDQ9Cj9eAmsjzeQGp24PeiQ=
github.com/gosimple/slug v1.4.2/go.mod h1:ER78kgg1Mv0NQGlXiDe57DpCyfbNywXXZ9mIorhxAf0=
github.com/rainycape/unidecode v0.0.0-20150907023854-cb7f23ec59be h1:ta7tUOvsPHVHGom5hKW5VXNc2xZIkfCKP8iaqOyYtUQ=
github.com/rainycape/unidecode v0.0.0-20150907023854-cb7f23ec59be/go.mod h1:MIDFMn7db1kT65GmV94GzpX9Qdi7N/pQlwb+AN8wh+Q=
